// !$*UTF8*$!
{
	archiveVersion = 1;
	classes = {
	};
	objectVersion = 56;
	objects = {

/* Begin PBXBuildFile section */
		CFA68B892978A27400BA24D2 /* CoinCrunchApp.swift in Sources */ = {isa = PBXBuildFile; fileRef = CFA68B882978A27400BA24D2 /* CoinCrunchApp.swift */; };
		CFA68B8B2978A27400BA24D2 /* ContentView.swift in Sources */ = {isa = PBXBuildFile; fileRef = CFA68B8A2978A27400BA24D2 /* ContentView.swift */; };
		CFA68B902978A27600BA24D2 /* Preview Assets.xcassets in Resources */ = {isa = PBXBuildFile; fileRef = CFA68B8F2978A27600BA24D2 /* Preview Assets.xcassets */; };
		CFF88A6A2978A439009384CE /* Assets.xcassets in Resources */ = {isa = PBXBuildFile; fileRef = CFF88A692978A439009384CE /* Assets.xcassets */; };
		CFF88A6D2978A5E5009384CE /* Color.swift in Sources */ = {isa = PBXBuildFile; fileRef = CFF88A6C2978A5E5009384CE /* Color.swift */; };
		CFF88A732978AC20009384CE /* HomeView.swift in Sources */ = {isa = PBXBuildFile; fileRef = CFF88A722978AC20009384CE /* HomeView.swift */; };
		CFF88A772978AD47009384CE /* CircleButtonView.swift in Sources */ = {isa = PBXBuildFile; fileRef = CFF88A762978AD47009384CE /* CircleButtonView.swift */; };
		CFF88A792978B1C9009384CE /* CircleButtonAnimationView.swift in Sources */ = {isa = PBXBuildFile; fileRef = CFF88A782978B1C9009384CE /* CircleButtonAnimationView.swift */; };
		CFF88A7C2978BE79009384CE /* CoinModel.swift in Sources */ = {isa = PBXBuildFile; fileRef = CFF88A7B2978BE79009384CE /* CoinModel.swift */; };
		CFF88A7F2978CB62009384CE /* CoinRowView.swift in Sources */ = {isa = PBXBuildFile; fileRef = CFF88A7E2978CB62009384CE /* CoinRowView.swift */; };
		CFF88A812978CBDB009384CE /* PreviewProvider.swift in Sources */ = {isa = PBXBuildFile; fileRef = CFF88A802978CBDB009384CE /* PreviewProvider.swift */; };
		CFF88A832978D116009384CE /* Double.swift in Sources */ = {isa = PBXBuildFile; fileRef = CFF88A822978D116009384CE /* Double.swift */; };
		CFF88A8529793FC4009384CE /* HomeViewModel.swift in Sources */ = {isa = PBXBuildFile; fileRef = CFF88A8429793FC4009384CE /* HomeViewModel.swift */; };
/* End PBXBuildFile section */

/* Begin PBXFileReference section */
		CFA68B852978A27400BA24D2 /* CoinCrunch.app */ = {isa = PBXFileReference; explicitFileType = wrapper.application; includeInIndex = 0; path = CoinCrunch.app; sourceTree = BUILT_PRODUCTS_DIR; };
		CFA68B882978A27400BA24D2 /* CoinCrunchApp.swift */ = {isa = PBXFileReference; lastKnownFileType = sourcecode.swift; path = CoinCrunchApp.swift; sourceTree = "<group>"; };
		CFA68B8A2978A27400BA24D2 /* ContentView.swift */ = {isa = PBXFileReference; lastKnownFileType = sourcecode.swift; path = ContentView.swift; sourceTree = "<group>"; };
		CFA68B8F2978A27600BA24D2 /* Preview Assets.xcassets */ = {isa = PBXFileReference; lastKnownFileType = folder.assetcatalog; path = "Preview Assets.xcassets"; sourceTree = "<group>"; };
		CFF88A692978A439009384CE /* Assets.xcassets */ = {isa = PBXFileReference; lastKnownFileType = folder.assetcatalog; name = Assets.xcassets; path = ../../../Downloads/Resources/Assets.xcassets; sourceTree = "<group>"; };
		CFF88A6C2978A5E5009384CE /* Color.swift */ = {isa = PBXFileReference; lastKnownFileType = sourcecode.swift; path = Color.swift; sourceTree = "<group>"; };
		CFF88A722978AC20009384CE /* HomeView.swift */ = {isa = PBXFileReference; lastKnownFileType = sourcecode.swift; path = HomeView.swift; sourceTree = "<group>"; };
		CFF88A762978AD47009384CE /* CircleButtonView.swift */ = {isa = PBXFileReference; lastKnownFileType = sourcecode.swift; path = CircleButtonView.swift; sourceTree = "<group>"; };
		CFF88A782978B1C9009384CE /* CircleButtonAnimationView.swift */ = {isa = PBXFileReference; lastKnownFileType = sourcecode.swift; path = CircleButtonAnimationView.swift; sourceTree = "<group>"; };
		CFF88A7B2978BE79009384CE /* CoinModel.swift */ = {isa = PBXFileReference; lastKnownFileType = sourcecode.swift; path = CoinModel.swift; sourceTree = "<group>"; };
		CFF88A7E2978CB62009384CE /* CoinRowView.swift */ = {isa = PBXFileReference; lastKnownFileType = sourcecode.swift; path = CoinRowView.swift; sourceTree = "<group>"; };
		CFF88A802978CBDB009384CE /* PreviewProvider.swift */ = {isa = PBXFileReference; lastKnownFileType = sourcecode.swift; path = PreviewProvider.swift; sourceTree = "<group>"; };
		CFF88A822978D116009384CE /* Double.swift */ = {isa = PBXFileReference; lastKnownFileType = sourcecode.swift; path = Double.swift; sourceTree = "<group>"; };
		CFF88A8429793FC4009384CE /* HomeViewModel.swift */ = {isa = PBXFileReference; lastKnownFileType = sourcecode.swift; path = HomeViewModel.swift; sourceTree = "<group>"; };
/* End PBXFileReference section */

/* Begin PBXFrameworksBuildPhase section */
		CFA68B822978A27400BA24D2 /* Frameworks */ = {
			isa = PBXFrameworksBuildPhase;
			buildActionMask = 2147483647;
			files = (
			);
			runOnlyForDeploymentPostprocessing = 0;
		};
/* End PBXFrameworksBuildPhase section */

/* Begin PBXGroup section */
		CFA68B7C2978A27400BA24D2 = {
			isa = PBXGroup;
			children = (
				CFA68B872978A27400BA24D2 /* CoinCrunch */,
				CFA68B862978A27400BA24D2 /* Products */,
			);
			sourceTree = "<group>";
		};
		CFA68B862978A27400BA24D2 /* Products */ = {
			isa = PBXGroup;
			children = (
				CFA68B852978A27400BA24D2 /* CoinCrunch.app */,
			);
			name = Products;
			sourceTree = "<group>";
		};
		CFA68B872978A27400BA24D2 /* CoinCrunch */ = {
			isa = PBXGroup;
			children = (
				CFA68B882978A27400BA24D2 /* CoinCrunchApp.swift */,
				CFF88A6B2978A5CB009384CE /* Extensions */,
				CFF88A7A2978BE46009384CE /* Models */,
				CFF88A6E2978ABD4009384CE /* Core */,
				CFA68B8A2978A27400BA24D2 /* ContentView.swift */,
				CFF88A692978A439009384CE /* Assets.xcassets */,
				CFA68B8E2978A27600BA24D2 /* Preview Content */,
			);
			path = CoinCrunch;
			sourceTree = "<group>";
		};
		CFA68B8E2978A27600BA24D2 /* Preview Content */ = {
			isa = PBXGroup;
			children = (
				CFA68B8F2978A27600BA24D2 /* Preview Assets.xcassets */,
			);
			path = "Preview Content";
			sourceTree = "<group>";
		};
		CFF88A6B2978A5CB009384CE /* Extensions */ = {
			isa = PBXGroup;
			children = (
				CFF88A6C2978A5E5009384CE /* Color.swift */,
				CFF88A802978CBDB009384CE /* PreviewProvider.swift */,
				CFF88A822978D116009384CE /* Double.swift */,
			);
			path = Extensions;
			sourceTree = "<group>";
		};
		CFF88A6E2978ABD4009384CE /* Core */ = {
			isa = PBXGroup;
			children = (
				CFF88A742978AD1E009384CE /* Components */,
				CFF88A6F2978ABE9009384CE /* Home */,
			);
			path = Core;
			sourceTree = "<group>";
		};
		CFF88A6F2978ABE9009384CE /* Home */ = {
			isa = PBXGroup;
			children = (
				CFF88A712978AC09009384CE /* ViewModels */,
				CFF88A702978ABF6009384CE /* Views */,
			);
			path = Home;
			sourceTree = "<group>";
		};
		CFF88A702978ABF6009384CE /* Views */ = {
			isa = PBXGroup;
			children = (
				CFF88A722978AC20009384CE /* HomeView.swift */,
				CFF88A7E2978CB62009384CE /* CoinRowView.swift */,
			);
			path = Views;
			sourceTree = "<group>";
		};
		CFF88A712978AC09009384CE /* ViewModels */ = {
			isa = PBXGroup;
			children = (
				CFF88A8429793FC4009384CE /* HomeViewModel.swift */,
			);
			path = ViewModels;
			sourceTree = "<group>";
		};
		CFF88A742978AD1E009384CE /* Components */ = {
			isa = PBXGroup;
			children = (
				CFF88A752978AD35009384CE /* CircleButton */,
			);
			path = Components;
			sourceTree = "<group>";
		};
		CFF88A752978AD35009384CE /* CircleButton */ = {
			isa = PBXGroup;
			children = (
				CFF88A762978AD47009384CE /* CircleButtonView.swift */,
				CFF88A782978B1C9009384CE /* CircleButtonAnimationView.swift */,
			);
			path = CircleButton;
			sourceTree = "<group>";
		};
		CFF88A7A2978BE46009384CE /* Models */ = {
			isa = PBXGroup;
			children = (
				CFF88A7B2978BE79009384CE /* CoinModel.swift */,
			);
			path = Models;
			sourceTree = "<group>";
		};
/* End PBXGroup section */

/* Begin PBXNativeTarget section */
		CFA68B842978A27400BA24D2 /* CoinCrunch */ = {
			isa = PBXNativeTarget;
			buildConfigurationList = CFA68B932978A27600BA24D2 /* Build configuration list for PBXNativeTarget "CoinCrunch" */;
			buildPhases = (
				CFA68B812978A27400BA24D2 /* Sources */,
				CFA68B822978A27400BA24D2 /* Frameworks */,
				CFA68B832978A27400BA24D2 /* Resources */,
			);
			buildRules = (
			);
			dependencies = (
			);
			name = CoinCrunch;
			productName = CoinCrunch;
			productReference = CFA68B852978A27400BA24D2 /* CoinCrunch.app */;
			productType = "com.apple.product-type.application";
		};
/* End PBXNativeTarget section */

/* Begin PBXProject section */
		CFA68B7D2978A27400BA24D2 /* Project object */ = {
			isa = PBXProject;
			attributes = {
				BuildIndependentTargetsInParallel = 1;
				LastSwiftUpdateCheck = 1420;
				LastUpgradeCheck = 1420;
				TargetAttributes = {
					CFA68B842978A27400BA24D2 = {
						CreatedOnToolsVersion = 14.2;
					};
				};
			};
			buildConfigurationList = CFA68B802978A27400BA24D2 /* Build configuration list for PBXProject "CoinCrunch" */;
			compatibilityVersion = "Xcode 14.0";
			developmentRegion = en;
			hasScannedForEncodings = 0;
			knownRegions = (
				en,
				Base,
			);
			mainGroup = CFA68B7C2978A27400BA24D2;
			productRefGroup = CFA68B862978A27400BA24D2 /* Products */;
			projectDirPath = "";
			projectRoot = "";
			targets = (
				CFA68B842978A27400BA24D2 /* CoinCrunch */,
			);
		};
/* End PBXProject section */

/* Begin PBXResourcesBuildPhase section */
		CFA68B832978A27400BA24D2 /* Resources */ = {
			isa = PBXResourcesBuildPhase;
			buildActionMask = 2147483647;
			files = (
				CFA68B902978A27600BA24D2 /* Preview Assets.xcassets in Resources */,
				CFF88A6A2978A439009384CE /* Assets.xcassets in Resources */,
			);
			runOnlyForDeploymentPostprocessing = 0;
		};
/* End PBXResourcesBuildPhase section */

/* Begin PBXSourcesBuildPhase section */
		CFA68B812978A27400BA24D2 /* Sources */ = {
			isa = PBXSourcesBuildPhase;
			buildActionMask = 2147483647;
			files = (
				CFF88A7F2978CB62009384CE /* CoinRowView.swift in Sources */,
				CFF88A8529793FC4009384CE /* HomeViewModel.swift in Sources */,
				CFA68B8B2978A27400BA24D2 /* ContentView.swift in Sources */,
				CFF88A732978AC20009384CE /* HomeView.swift in Sources */,
				CFA68B892978A27400BA24D2 /* CoinCrunchApp.swift in Sources */,
				CFF88A772978AD47009384CE /* CircleButtonView.swift in Sources */,
				CFF88A6D2978A5E5009384CE /* Color.swift in Sources */,
				CFF88A792978B1C9009384CE /* CircleButtonAnimationView.swift in Sources */,
				CFF88A812978CBDB009384CE /* PreviewProvider.swift in Sources */,
				CFF88A832978D116009384CE /* Double.swift in Sources */,
				CFF88A7C2978BE79009384CE /* CoinModel.swift in Sources */,
			);
			runOnlyForDeploymentPostprocessing = 0;
		};
/* End PBXSourcesBuildPhase section */

/* Begin XCBuildConfiguration section */
		CFA68B912978A27600BA24D2 /* Debug */ = {
			isa = XCBuildConfiguration;
			buildSettings = {
				ALWAYS_SEARCH_USER_PATHS = NO;
				CLANG_ANALYZER_NONNULL = YES;
				CLANG_ANALYZER_NUMBER_OBJECT_CONVERSION = YES_AGGRESSIVE;
				CLANG_CXX_LANGUAGE_STANDARD = "gnu++20";
				CLANG_ENABLE_MODULES = YES;
				CLANG_ENABLE_OBJC_ARC = YES;
				CLANG_ENABLE_OBJC_WEAK = YES;
				CLANG_WARN_BLOCK_CAPTURE_AUTORELEASING = YES;
				CLANG_WARN_BOOL_CONVERSION = YES;
				CLANG_WARN_COMMA = YES;
				CLANG_WARN_CONSTANT_CONVERSION = YES;
				CLANG_WARN_DEPRECATED_OBJC_IMPLEMENTATIONS = YES;
				CLANG_WARN_DIRECT_OBJC_ISA_USAGE = YES_ERROR;
				CLANG_WARN_DOCUMENTATION_COMMENTS = YES;
				CLANG_WARN_EMPTY_BODY = YES;
				CLANG_WARN_ENUM_CONVERSION = YES;
				CLANG_WARN_INFINITE_RECURSION = YES;
				CLANG_WARN_INT_CONVERSION = YES;
				CLANG_WARN_NON_LITERAL_NULL_CONVERSION = YES;
				CLANG_WARN_OBJC_IMPLICIT_RETAIN_SELF = YES;
				CLANG_WARN_OBJC_LITERAL_CONVERSION = YES;
				CLANG_WARN_OBJC_ROOT_CLASS = YES_ERROR;
				CLANG_WARN_QUOTED_INCLUDE_IN_FRAMEWORK_HEADER = YES;
				CLANG_WARN_RANGE_LOOP_ANALYSIS = YES;
				CLANG_WARN_STRICT_PROTOTYPES = YES;
				CLANG_WARN_SUSPICIOUS_MOVE = YES;
				CLANG_WARN_UNGUARDED_AVAILABILITY = YES_AGGRESSIVE;
				CLANG_WARN_UNREACHABLE_CODE = YES;
				CLANG_WARN__DUPLICATE_METHOD_MATCH = YES;
				COPY_PHASE_STRIP = NO;
				DEBUG_INFORMATION_FORMAT = dwarf;
				ENABLE_STRICT_OBJC_MSGSEND = YES;
				ENABLE_TESTABILITY = YES;
				GCC_C_LANGUAGE_STANDARD = gnu11;
				GCC_DYNAMIC_NO_PIC = NO;
				GCC_NO_COMMON_BLOCKS = YES;
				GCC_OPTIMIZATION_LEVEL = 0;
				GCC_PREPROCESSOR_DEFINITIONS = (
					"DEBUG=1",
					"$(inherited)",
				);
				GCC_WARN_64_TO_32_BIT_CONVERSION = YES;
				GCC_WARN_ABOUT_RETURN_TYPE = YES_ERROR;
				GCC_WARN_UNDECLARED_SELECTOR = YES;
				GCC_WARN_UNINITIALIZED_AUTOS = YES_AGGRESSIVE;
				GCC_WARN_UNUSED_FUNCTION = YES;
				GCC_WARN_UNUSED_VARIABLE = YES;
				IPHONEOS_DEPLOYMENT_TARGET = 16.2;
				MTL_ENABLE_DEBUG_INFO = INCLUDE_SOURCE;
				MTL_FAST_MATH = YES;
				ONLY_ACTIVE_ARCH = YES;
				SDKROOT = iphoneos;
				SWIFT_ACTIVE_COMPILATION_CONDITIONS = DEBUG;
				SWIFT_OPTIMIZATION_LEVEL = "-Onone";
			};
			name = Debug;
		};
		CFA68B922978A27600BA24D2 /* Release */ = {
			isa = XCBuildConfiguration;
			buildSettings = {
				ALWAYS_SEARCH_USER_PATHS = NO;
				CLANG_ANALYZER_NONNULL = YES;
				CLANG_ANALYZER_NUMBER_OBJECT_CONVERSION = YES_AGGRESSIVE;
				CLANG_CXX_LANGUAGE_STANDARD = "gnu++20";
				CLANG_ENABLE_MODULES = YES;
				CLANG_ENABLE_OBJC_ARC = YES;
				CLANG_ENABLE_OBJC_WEAK = YES;
				CLANG_WARN_BLOCK_CAPTURE_AUTORELEASING = YES;
				CLANG_WARN_BOOL_CONVERSION = YES;
				CLANG_WARN_COMMA = YES;
				CLANG_WARN_CONSTANT_CONVERSION = YES;
				CLANG_WARN_DEPRECATED_OBJC_IMPLEMENTATIONS = YES;
				CLANG_WARN_DIRECT_OBJC_ISA_USAGE = YES_ERROR;
				CLANG_WARN_DOCUMENTATION_COMMENTS = YES;
				CLANG_WARN_EMPTY_BODY = YES;
				CLANG_WARN_ENUM_CONVERSION = YES;
				CLANG_WARN_INFINITE_RECURSION = YES;
				CLANG_WARN_INT_CONVERSION = YES;
				CLANG_WARN_NON_LITERAL_NULL_CONVERSION = YES;
				CLANG_WARN_OBJC_IMPLICIT_RETAIN_SELF = YES;
				CLANG_WARN_OBJC_LITERAL_CONVERSION = YES;
				CLANG_WARN_OBJC_ROOT_CLASS = YES_ERROR;
				CLANG_WARN_QUOTED_INCLUDE_IN_FRAMEWORK_HEADER = YES;
				CLANG_WARN_RANGE_LOOP_ANALYSIS = YES;
				CLANG_WARN_STRICT_PROTOTYPES = YES;
				CLANG_WARN_SUSPICIOUS_MOVE = YES;
				CLANG_WARN_UNGUARDED_AVAILABILITY = YES_AGGRESSIVE;
				CLANG_WARN_UNREACHABLE_CODE = YES;
				CLANG_WARN__DUPLICATE_METHOD_MATCH = YES;
				COPY_PHASE_STRIP = NO;
				DEBUG_INFORMATION_FORMAT = "dwarf-with-dsym";
				ENABLE_NS_ASSERTIONS = NO;
				ENABLE_STRICT_OBJC_MSGSEND = YES;
				GCC_C_LANGUAGE_STANDARD = gnu11;
				GCC_NO_COMMON_BLOCKS = YES;
				GCC_WARN_64_TO_32_BIT_CONVERSION = YES;
				GCC_WARN_ABOUT_RETURN_TYPE = YES_ERROR;
				GCC_WARN_UNDECLARED_SELECTOR = YES;
				GCC_WARN_UNINITIALIZED_AUTOS = YES_AGGRESSIVE;
				GCC_WARN_UNUSED_FUNCTION = YES;
				GCC_WARN_UNUSED_VARIABLE = YES;
				IPHONEOS_DEPLOYMENT_TARGET = 16.2;
				MTL_ENABLE_DEBUG_INFO = NO;
				MTL_FAST_MATH = YES;
				SDKROOT = iphoneos;
				SWIFT_COMPILATION_MODE = wholemodule;
				SWIFT_OPTIMIZATION_LEVEL = "-O";
				VALIDATE_PRODUCT = YES;
			};
			name = Release;
		};
		CFA68B942978A27600BA24D2 /* Debug */ = {
			isa = XCBuildConfiguration;
			buildSettings = {
				ASSETCATALOG_COMPILER_APPICON_NAME = AppIcon;
				ASSETCATALOG_COMPILER_GLOBAL_ACCENT_COLOR_NAME = AccentColor;
				CODE_SIGN_STYLE = Automatic;
				CURRENT_PROJECT_VERSION = 1;
				DEVELOPMENT_ASSET_PATHS = "\"CoinCrunch/Preview Content\"";
				DEVELOPMENT_TEAM = NKA7PWRC7T;
				ENABLE_PREVIEWS = YES;
				GENERATE_INFOPLIST_FILE = YES;
				INFOPLIST_KEY_CFBundleDisplayName = "Coin Crunch";
				INFOPLIST_KEY_UIApplicationSceneManifest_Generation = YES;
				INFOPLIST_KEY_UIApplicationSupportsIndirectInputEvents = YES;
				INFOPLIST_KEY_UILaunchScreen_Generation = YES;
				INFOPLIST_KEY_UISupportedInterfaceOrientations = UIInterfaceOrientationPortrait;
				INFOPLIST_KEY_UISupportedInterfaceOrientations_iPad = "UIInterfaceOrientationLandscapeLeft UIInterfaceOrientationLandscapeRight UIInterfaceOrientationPortrait UIInterfaceOrientationPortraitUpsideDown";
				IPHONEOS_DEPLOYMENT_TARGET = 14.0;
				LD_RUNPATH_SEARCH_PATHS = (
					"$(inherited)",
					"@executable_path/Frameworks",
				);
				MARKETING_VERSION = 1.0;
				PRODUCT_BUNDLE_IDENTIFIER = com.cevatuygur.CoinCrunch;
				PRODUCT_NAME = "$(TARGET_NAME)";
				SUPPORTED_PLATFORMS = "iphoneos iphonesimulator";
				SUPPORTS_MACCATALYST = NO;
				SUPPORTS_MAC_DESIGNED_FOR_IPHONE_IPAD = NO;
				SWIFT_EMIT_LOC_STRINGS = YES;
				SWIFT_VERSION = 5.0;
				TARGETED_DEVICE_FAMILY = "1,2";
			};
			name = Debug;
		};
		CFA68B952978A27600BA24D2 /* Release */ = {
			isa = XCBuildConfiguration;
			buildSettings = {
				ASSETCATALOG_COMPILER_APPICON_NAME = AppIcon;
				ASSETCATALOG_COMPILER_GLOBAL_ACCENT_COLOR_NAME = AccentColor;
				CODE_SIGN_STYLE = Automatic;
				CURRENT_PROJECT_VERSION = 1;
				DEVELOPMENT_ASSET_PATHS = "\"CoinCrunch/Preview Content\"";
				DEVELOPMENT_TEAM = NKA7PWRC7T;
				ENABLE_PREVIEWS = YES;
				GENERATE_INFOPLIST_FILE = YES;
				INFOPLIST_KEY_CFBundleDisplayName = "Coin Crunch";
				INFOPLIST_KEY_UIApplicationSceneManifest_Generation = YES;
				INFOPLIST_KEY_UIApplicationSupportsIndirectInputEvents = YES;
				INFOPLIST_KEY_UILaunchScreen_Generation = YES;
				INFOPLIST_KEY_UISupportedInterfaceOrientations = UIInterfaceOrientationPortrait;
				INFOPLIST_KEY_UISupportedInterfaceOrientations_iPad = "UIInterfaceOrientationLandscapeLeft UIInterfaceOrientationLandscapeRight UIInterfaceOrientationPortrait UIInterfaceOrientationPortraitUpsideDown";
				IPHONEOS_DEPLOYMENT_TARGET = 14.0;
				LD_RUNPATH_SEARCH_PATHS = (
					"$(inherited)",
					"@executable_path/Frameworks",
				);
				MARKETING_VERSION = 1.0;
				PRODUCT_BUNDLE_IDENTIFIER = com.cevatuygur.CoinCrunch;
				PRODUCT_NAME = "$(TARGET_NAME)";
				SUPPORTED_PLATFORMS = "iphoneos iphonesimulator";
				SUPPORTS_MACCATALYST = NO;
				SUPPORTS_MAC_DESIGNED_FOR_IPHONE_IPAD = NO;
				SWIFT_EMIT_LOC_STRINGS = YES;
				SWIFT_VERSION = 5.0;
				TARGETED_DEVICE_FAMILY = "1,2";
			};
			name = Release;
		};
/* End XCBuildConfiguration section */

/* Begin XCConfigurationList section */
		CFA68B802978A27400BA24D2 /* Build configuration list for PBXProject "CoinCrunch" */ = {
			isa = XCConfigurationList;
			buildConfigurations = (
				CFA68B912978A27600BA24D2 /* Debug */,
				CFA68B922978A27600BA24D2 /* Release */,
			);
			defaultConfigurationIsVisible = 0;
			defaultConfigurationName = Release;
		};
		CFA68B932978A27600BA24D2 /* Build configuration list for PBXNativeTarget "CoinCrunch" */ = {
			isa = XCConfigurationList;
			buildConfigurations = (
				CFA68B942978A27600BA24D2 /* Debug */,
				CFA68B952978A27600BA24D2 /* Release */,
			);
			defaultConfigurationIsVisible = 0;
			defaultConfigurationName = Release;
		};
/* End XCConfigurationList section */
	};
	rootObject = CFA68B7D2978A27400BA24D2 /* Project object */;
}
