// !$*UTF8*$!
{
	archiveVersion = 1;
	classes = {
	};
	objectVersion = 56;
	objects = {

/* Begin PBXBuildFile section */
		CF002D3E2A855F8B00F28E30 /* LaunchScreen.storyboard in Resources */ = {isa = PBXBuildFile; fileRef = CF002D3D2A855F8B00F28E30 /* LaunchScreen.storyboard */; };
		CF0228D62A36235500C472B5 /* XMarkButton.swift in Sources */ = {isa = PBXBuildFile; fileRef = CF0228D52A36235500C472B5 /* XMarkButton.swift */; };
		CF1E3B53297DE23800E25730 /* CoinDetailViewModel.swift in Sources */ = {isa = PBXBuildFile; fileRef = CF1E3B52297DE23800E25730 /* CoinDetailViewModel.swift */; };
		CF1E3B55297DE4BC00E25730 /* CoinDetailDataService.swift in Sources */ = {isa = PBXBuildFile; fileRef = CF1E3B54297DE4BC00E25730 /* CoinDetailDataService.swift */; };
		CF1E3B57297DFEAA00E25730 /* ChartView.swift in Sources */ = {isa = PBXBuildFile; fileRef = CF1E3B56297DFEAA00E25730 /* ChartView.swift */; };
		CF1E3B59297E056300E25730 /* Date.swift in Sources */ = {isa = PBXBuildFile; fileRef = CF1E3B58297E056300E25730 /* Date.swift */; };
		CF1E3B5B297F42BC00E25730 /* String.swift in Sources */ = {isa = PBXBuildFile; fileRef = CF1E3B5A297F42BC00E25730 /* String.swift */; };
		CF455B72298C63B6001EBE39 /* EasyFullScreenCover.swift in Sources */ = {isa = PBXBuildFile; fileRef = CF455B71298C63B6001EBE39 /* EasyFullScreenCover.swift */; };
		CF455B74298C71E0001EBE39 /* ApperanceModeSwitchView.swift in Sources */ = {isa = PBXBuildFile; fileRef = CF455B73298C71E0001EBE39 /* ApperanceModeSwitchView.swift */; };
		CF48B820298C957A0054416B /* HidableTabView in Frameworks */ = {isa = PBXBuildFile; productRef = CF48B81F298C957A0054416B /* HidableTabView */; };
		CF48B822298D3DEF0054416B /* WatchListDataService.swift in Sources */ = {isa = PBXBuildFile; fileRef = CF48B821298D3DEF0054416B /* WatchListDataService.swift */; };
		CF6100222A35D8FF00E2C95D /* EnvironmentAPI.swift in Sources */ = {isa = PBXBuildFile; fileRef = CF6100212A35D8FF00E2C95D /* EnvironmentAPI.swift */; };
		CFA68B892978A27400BA24D2 /* CoinCrunchApp.swift in Sources */ = {isa = PBXBuildFile; fileRef = CFA68B882978A27400BA24D2 /* CoinCrunchApp.swift */; };
		CFA68B8B2978A27400BA24D2 /* ContentView.swift in Sources */ = {isa = PBXBuildFile; fileRef = CFA68B8A2978A27400BA24D2 /* ContentView.swift */; };
		CFA68B902978A27600BA24D2 /* Preview Assets.xcassets in Resources */ = {isa = PBXBuildFile; fileRef = CFA68B8F2978A27600BA24D2 /* Preview Assets.xcassets */; };
		CFAA40242A83BA3200336217 /* Assets.xcassets in Resources */ = {isa = PBXBuildFile; fileRef = CFAA40232A83BA3200336217 /* Assets.xcassets */; };
		CFB5E60B2A338C0C005BE84B /* NewsDetailViewModel.swift in Sources */ = {isa = PBXBuildFile; fileRef = CFB5E60A2A338C0C005BE84B /* NewsDetailViewModel.swift */; };
		CFB5E60D2A3394A9005BE84B /* NewsDetailView.swift in Sources */ = {isa = PBXBuildFile; fileRef = CFB5E60C2A3394A9005BE84B /* NewsDetailView.swift */; };
		CFCC7FD32A31A6D500042299 /* NewsDataService.swift in Sources */ = {isa = PBXBuildFile; fileRef = CFCC7FD22A31A6D500042299 /* NewsDataService.swift */; };
		CFCC7FD92A31C2D800042299 /* NewsModel.swift in Sources */ = {isa = PBXBuildFile; fileRef = CFCC7FD82A31C2D800042299 /* NewsModel.swift */; };
		CFE36BF029899D0100591389 /* WatchListView.swift in Sources */ = {isa = PBXBuildFile; fileRef = CFE36BEF29899D0100591389 /* WatchListView.swift */; };
		CFEC605A299C3EF500D29981 /* WatchListContainer.xcdatamodeld in Sources */ = {isa = PBXBuildFile; fileRef = CFEC6058299C3EF500D29981 /* WatchListContainer.xcdatamodeld */; };
		CFEF5C8D2A30B43700D19B5B /* NewsView.swift in Sources */ = {isa = PBXBuildFile; fileRef = CFEF5C8C2A30B43700D19B5B /* NewsView.swift */; };
		CFF44F67298464080042270A /* ColorSchemeManager.swift in Sources */ = {isa = PBXBuildFile; fileRef = CFF44F66298464080042270A /* ColorSchemeManager.swift */; };
		CFF44F69298477DE0042270A /* SettingsView.swift in Sources */ = {isa = PBXBuildFile; fileRef = CFF44F68298477DE0042270A /* SettingsView.swift */; };
		CFF44F6B29847EF20042270A /* PortfolioView.swift in Sources */ = {isa = PBXBuildFile; fileRef = CFF44F6A29847EF20042270A /* PortfolioView.swift */; };
		CFF88A6D2978A5E5009384CE /* Color.swift in Sources */ = {isa = PBXBuildFile; fileRef = CFF88A6C2978A5E5009384CE /* Color.swift */; };
		CFF88A732978AC20009384CE /* LivePricesView.swift in Sources */ = {isa = PBXBuildFile; fileRef = CFF88A722978AC20009384CE /* LivePricesView.swift */; };
		CFF88A772978AD47009384CE /* CircleButtonView.swift in Sources */ = {isa = PBXBuildFile; fileRef = CFF88A762978AD47009384CE /* CircleButtonView.swift */; };
		CFF88A7C2978BE79009384CE /* CoinModel.swift in Sources */ = {isa = PBXBuildFile; fileRef = CFF88A7B2978BE79009384CE /* CoinModel.swift */; };
		CFF88A7F2978CB62009384CE /* CoinRowView.swift in Sources */ = {isa = PBXBuildFile; fileRef = CFF88A7E2978CB62009384CE /* CoinRowView.swift */; };
		CFF88A812978CBDB009384CE /* PreviewProvider.swift in Sources */ = {isa = PBXBuildFile; fileRef = CFF88A802978CBDB009384CE /* PreviewProvider.swift */; };
		CFF88A832978D116009384CE /* Double.swift in Sources */ = {isa = PBXBuildFile; fileRef = CFF88A822978D116009384CE /* Double.swift */; };
		CFF88A8529793FC4009384CE /* HomeViewModel.swift in Sources */ = {isa = PBXBuildFile; fileRef = CFF88A8429793FC4009384CE /* HomeViewModel.swift */; };
		CFF88A88297951B2009384CE /* CoinDataService.swift in Sources */ = {isa = PBXBuildFile; fileRef = CFF88A87297951B2009384CE /* CoinDataService.swift */; };
		CFF88A8B2979679A009384CE /* NetworkingManager.swift in Sources */ = {isa = PBXBuildFile; fileRef = CFF88A8A2979679A009384CE /* NetworkingManager.swift */; };
		CFF88A8E297979A8009384CE /* CoinImageView.swift in Sources */ = {isa = PBXBuildFile; fileRef = CFF88A8D297979A8009384CE /* CoinImageView.swift */; };
		CFF88A90297C34DE009384CE /* CoinImageService.swift in Sources */ = {isa = PBXBuildFile; fileRef = CFF88A8F297C34DE009384CE /* CoinImageService.swift */; };
		CFF88A92297C36A6009384CE /* CoinImageViewModel.swift in Sources */ = {isa = PBXBuildFile; fileRef = CFF88A91297C36A6009384CE /* CoinImageViewModel.swift */; };
		CFF88A94297C40F5009384CE /* LocalFileManager.swift in Sources */ = {isa = PBXBuildFile; fileRef = CFF88A93297C40F5009384CE /* LocalFileManager.swift */; };
		CFF88A96297C4FBC009384CE /* SearchBarView.swift in Sources */ = {isa = PBXBuildFile; fileRef = CFF88A95297C4FBC009384CE /* SearchBarView.swift */; };
		CFF88A98297C54FC009384CE /* UIApplication.swift in Sources */ = {isa = PBXBuildFile; fileRef = CFF88A97297C54FC009384CE /* UIApplication.swift */; };
		CFF88A9A297C5FD2009384CE /* StatisticModel.swift in Sources */ = {isa = PBXBuildFile; fileRef = CFF88A99297C5FD2009384CE /* StatisticModel.swift */; };
		CFF88A9C297C6145009384CE /* StatisticView.swift in Sources */ = {isa = PBXBuildFile; fileRef = CFF88A9B297C6145009384CE /* StatisticView.swift */; };
		CFF88A9E297C64FA009384CE /* HomeStatsView.swift in Sources */ = {isa = PBXBuildFile; fileRef = CFF88A9D297C64FA009384CE /* HomeStatsView.swift */; };
		CFF88AA0297C6953009384CE /* MarketDataModel.swift in Sources */ = {isa = PBXBuildFile; fileRef = CFF88A9F297C6953009384CE /* MarketDataModel.swift */; };
		CFF88AA2297C6D0B009384CE /* MarketDataService.swift in Sources */ = {isa = PBXBuildFile; fileRef = CFF88AA1297C6D0B009384CE /* MarketDataService.swift */; };
		CFF88AA4297C75A4009384CE /* EditPortfolioView.swift in Sources */ = {isa = PBXBuildFile; fileRef = CFF88AA3297C75A4009384CE /* EditPortfolioView.swift */; };
		CFF88AA8297C9CF5009384CE /* CoinLogoView.swift in Sources */ = {isa = PBXBuildFile; fileRef = CFF88AA7297C9CF5009384CE /* CoinLogoView.swift */; };
		CFF88AAC297D4390009384CE /* PortfolioContainer.xcdatamodeld in Sources */ = {isa = PBXBuildFile; fileRef = CFF88AAA297D4390009384CE /* PortfolioContainer.xcdatamodeld */; };
		CFF88AAE297D4450009384CE /* PortfolioDataService.swift in Sources */ = {isa = PBXBuildFile; fileRef = CFF88AAD297D4450009384CE /* PortfolioDataService.swift */; };
		CFF88AB3297DD041009384CE /* CoinDetailView.swift in Sources */ = {isa = PBXBuildFile; fileRef = CFF88AB2297DD041009384CE /* CoinDetailView.swift */; };
		CFF88AB5297DDCD1009384CE /* CoinDetailModel.swift in Sources */ = {isa = PBXBuildFile; fileRef = CFF88AB4297DDCD1009384CE /* CoinDetailModel.swift */; };
		E26FFB025A8C159A7E37D1A2 /* Pods_CoinCrunch.framework in Frameworks */ = {isa = PBXBuildFile; fileRef = ADFD62E7646F33274114A97F /* Pods_CoinCrunch.framework */; };
/* End PBXBuildFile section */

/* Begin PBXFileReference section */
		8E6C9D8CB40BE1989C5C760B /* Pods-CoinCrunch.release.xcconfig */ = {isa = PBXFileReference; includeInIndex = 1; lastKnownFileType = text.xcconfig; name = "Pods-CoinCrunch.release.xcconfig"; path = "Target Support Files/Pods-CoinCrunch/Pods-CoinCrunch.release.xcconfig"; sourceTree = "<group>"; };
		ADFD62E7646F33274114A97F /* Pods_CoinCrunch.framework */ = {isa = PBXFileReference; explicitFileType = wrapper.framework; includeInIndex = 0; path = Pods_CoinCrunch.framework; sourceTree = BUILT_PRODUCTS_DIR; };
		CF002D3D2A855F8B00F28E30 /* LaunchScreen.storyboard */ = {isa = PBXFileReference; lastKnownFileType = file.storyboard; path = LaunchScreen.storyboard; sourceTree = "<group>"; };
		CF0228D52A36235500C472B5 /* XMarkButton.swift */ = {isa = PBXFileReference; lastKnownFileType = sourcecode.swift; path = XMarkButton.swift; sourceTree = "<group>"; };
		CF1E3B52297DE23800E25730 /* CoinDetailViewModel.swift */ = {isa = PBXFileReference; lastKnownFileType = sourcecode.swift; path = CoinDetailViewModel.swift; sourceTree = "<group>"; };
		CF1E3B54297DE4BC00E25730 /* CoinDetailDataService.swift */ = {isa = PBXFileReference; lastKnownFileType = sourcecode.swift; path = CoinDetailDataService.swift; sourceTree = "<group>"; };
		CF1E3B56297DFEAA00E25730 /* ChartView.swift */ = {isa = PBXFileReference; lastKnownFileType = sourcecode.swift; path = ChartView.swift; sourceTree = "<group>"; };
		CF1E3B58297E056300E25730 /* Date.swift */ = {isa = PBXFileReference; lastKnownFileType = sourcecode.swift; path = Date.swift; sourceTree = "<group>"; };
		CF1E3B5A297F42BC00E25730 /* String.swift */ = {isa = PBXFileReference; lastKnownFileType = sourcecode.swift; path = String.swift; sourceTree = "<group>"; };
		CF455B71298C63B6001EBE39 /* EasyFullScreenCover.swift */ = {isa = PBXFileReference; lastKnownFileType = sourcecode.swift; path = EasyFullScreenCover.swift; sourceTree = "<group>"; };
		CF455B73298C71E0001EBE39 /* ApperanceModeSwitchView.swift */ = {isa = PBXFileReference; lastKnownFileType = sourcecode.swift; path = ApperanceModeSwitchView.swift; sourceTree = "<group>"; };
		CF48B821298D3DEF0054416B /* WatchListDataService.swift */ = {isa = PBXFileReference; lastKnownFileType = sourcecode.swift; path = WatchListDataService.swift; sourceTree = "<group>"; };
		CF6100202A35C63000E2C95D /* MyConfig.xcconfig */ = {isa = PBXFileReference; lastKnownFileType = text.xcconfig; path = MyConfig.xcconfig; sourceTree = "<group>"; };
		CF6100212A35D8FF00E2C95D /* EnvironmentAPI.swift */ = {isa = PBXFileReference; lastKnownFileType = sourcecode.swift; path = EnvironmentAPI.swift; sourceTree = "<group>"; };
		CFA68B852978A27400BA24D2 /* CoinCrunch.app */ = {isa = PBXFileReference; explicitFileType = wrapper.application; includeInIndex = 0; path = CoinCrunch.app; sourceTree = BUILT_PRODUCTS_DIR; };
		CFA68B882978A27400BA24D2 /* CoinCrunchApp.swift */ = {isa = PBXFileReference; lastKnownFileType = sourcecode.swift; path = CoinCrunchApp.swift; sourceTree = "<group>"; };
		CFA68B8A2978A27400BA24D2 /* ContentView.swift */ = {isa = PBXFileReference; lastKnownFileType = sourcecode.swift; path = ContentView.swift; sourceTree = "<group>"; };
		CFA68B8F2978A27600BA24D2 /* Preview Assets.xcassets */ = {isa = PBXFileReference; lastKnownFileType = folder.assetcatalog; path = "Preview Assets.xcassets"; sourceTree = "<group>"; };
		CFAA40232A83BA3200336217 /* Assets.xcassets */ = {isa = PBXFileReference; lastKnownFileType = folder.assetcatalog; name = Assets.xcassets; path = ../../../Downloads/Resources/Assets.xcassets; sourceTree = "<group>"; };
		CFB5E60A2A338C0C005BE84B /* NewsDetailViewModel.swift */ = {isa = PBXFileReference; lastKnownFileType = sourcecode.swift; path = NewsDetailViewModel.swift; sourceTree = "<group>"; };
		CFB5E60C2A3394A9005BE84B /* NewsDetailView.swift */ = {isa = PBXFileReference; lastKnownFileType = sourcecode.swift; path = NewsDetailView.swift; sourceTree = "<group>"; };
		CFCC7FD22A31A6D500042299 /* NewsDataService.swift */ = {isa = PBXFileReference; lastKnownFileType = sourcecode.swift; path = NewsDataService.swift; sourceTree = "<group>"; };
		CFCC7FD82A31C2D800042299 /* NewsModel.swift */ = {isa = PBXFileReference; lastKnownFileType = sourcecode.swift; path = NewsModel.swift; sourceTree = "<group>"; };
		CFE36BEF29899D0100591389 /* WatchListView.swift */ = {isa = PBXFileReference; lastKnownFileType = sourcecode.swift; path = WatchListView.swift; sourceTree = "<group>"; };
		CFEC6059299C3EF500D29981 /* WatchListContainer.xcdatamodel */ = {isa = PBXFileReference; lastKnownFileType = wrapper.xcdatamodel; path = WatchListContainer.xcdatamodel; sourceTree = "<group>"; };
		CFEF5C8C2A30B43700D19B5B /* NewsView.swift */ = {isa = PBXFileReference; lastKnownFileType = sourcecode.swift; path = NewsView.swift; sourceTree = "<group>"; };
		CFF44F66298464080042270A /* ColorSchemeManager.swift */ = {isa = PBXFileReference; lastKnownFileType = sourcecode.swift; path = ColorSchemeManager.swift; sourceTree = "<group>"; };
		CFF44F68298477DE0042270A /* SettingsView.swift */ = {isa = PBXFileReference; lastKnownFileType = sourcecode.swift; path = SettingsView.swift; sourceTree = "<group>"; };
		CFF44F6A29847EF20042270A /* PortfolioView.swift */ = {isa = PBXFileReference; lastKnownFileType = sourcecode.swift; path = PortfolioView.swift; sourceTree = "<group>"; };
		CFF88A6C2978A5E5009384CE /* Color.swift */ = {isa = PBXFileReference; lastKnownFileType = sourcecode.swift; path = Color.swift; sourceTree = "<group>"; };
		CFF88A722978AC20009384CE /* LivePricesView.swift */ = {isa = PBXFileReference; lastKnownFileType = sourcecode.swift; path = LivePricesView.swift; sourceTree = "<group>"; };
		CFF88A762978AD47009384CE /* CircleButtonView.swift */ = {isa = PBXFileReference; lastKnownFileType = sourcecode.swift; path = CircleButtonView.swift; sourceTree = "<group>"; };
		CFF88A7B2978BE79009384CE /* CoinModel.swift */ = {isa = PBXFileReference; lastKnownFileType = sourcecode.swift; path = CoinModel.swift; sourceTree = "<group>"; };
		CFF88A7E2978CB62009384CE /* CoinRowView.swift */ = {isa = PBXFileReference; lastKnownFileType = sourcecode.swift; path = CoinRowView.swift; sourceTree = "<group>"; };
		CFF88A802978CBDB009384CE /* PreviewProvider.swift */ = {isa = PBXFileReference; lastKnownFileType = sourcecode.swift; path = PreviewProvider.swift; sourceTree = "<group>"; };
		CFF88A822978D116009384CE /* Double.swift */ = {isa = PBXFileReference; lastKnownFileType = sourcecode.swift; path = Double.swift; sourceTree = "<group>"; };
		CFF88A8429793FC4009384CE /* HomeViewModel.swift */ = {isa = PBXFileReference; lastKnownFileType = sourcecode.swift; path = HomeViewModel.swift; sourceTree = "<group>"; };
		CFF88A87297951B2009384CE /* CoinDataService.swift */ = {isa = PBXFileReference; lastKnownFileType = sourcecode.swift; path = CoinDataService.swift; sourceTree = "<group>"; };
		CFF88A8A2979679A009384CE /* NetworkingManager.swift */ = {isa = PBXFileReference; lastKnownFileType = sourcecode.swift; path = NetworkingManager.swift; sourceTree = "<group>"; };
		CFF88A8D297979A8009384CE /* CoinImageView.swift */ = {isa = PBXFileReference; lastKnownFileType = sourcecode.swift; path = CoinImageView.swift; sourceTree = "<group>"; };
		CFF88A8F297C34DE009384CE /* CoinImageService.swift */ = {isa = PBXFileReference; lastKnownFileType = sourcecode.swift; path = CoinImageService.swift; sourceTree = "<group>"; };
		CFF88A91297C36A6009384CE /* CoinImageViewModel.swift */ = {isa = PBXFileReference; lastKnownFileType = sourcecode.swift; path = CoinImageViewModel.swift; sourceTree = "<group>"; };
		CFF88A93297C40F5009384CE /* LocalFileManager.swift */ = {isa = PBXFileReference; lastKnownFileType = sourcecode.swift; path = LocalFileManager.swift; sourceTree = "<group>"; };
		CFF88A95297C4FBC009384CE /* SearchBarView.swift */ = {isa = PBXFileReference; lastKnownFileType = sourcecode.swift; path = SearchBarView.swift; sourceTree = "<group>"; };
		CFF88A97297C54FC009384CE /* UIApplication.swift */ = {isa = PBXFileReference; lastKnownFileType = sourcecode.swift; path = UIApplication.swift; sourceTree = "<group>"; };
		CFF88A99297C5FD2009384CE /* StatisticModel.swift */ = {isa = PBXFileReference; lastKnownFileType = sourcecode.swift; path = StatisticModel.swift; sourceTree = "<group>"; };
		CFF88A9B297C6145009384CE /* StatisticView.swift */ = {isa = PBXFileReference; lastKnownFileType = sourcecode.swift; path = StatisticView.swift; sourceTree = "<group>"; };
		CFF88A9D297C64FA009384CE /* HomeStatsView.swift */ = {isa = PBXFileReference; lastKnownFileType = sourcecode.swift; path = HomeStatsView.swift; sourceTree = "<group>"; };
		CFF88A9F297C6953009384CE /* MarketDataModel.swift */ = {isa = PBXFileReference; lastKnownFileType = sourcecode.swift; path = MarketDataModel.swift; sourceTree = "<group>"; };
		CFF88AA1297C6D0B009384CE /* MarketDataService.swift */ = {isa = PBXFileReference; lastKnownFileType = sourcecode.swift; path = MarketDataService.swift; sourceTree = "<group>"; };
		CFF88AA3297C75A4009384CE /* EditPortfolioView.swift */ = {isa = PBXFileReference; lastKnownFileType = sourcecode.swift; path = EditPortfolioView.swift; sourceTree = "<group>"; };
		CFF88AA7297C9CF5009384CE /* CoinLogoView.swift */ = {isa = PBXFileReference; lastKnownFileType = sourcecode.swift; path = CoinLogoView.swift; sourceTree = "<group>"; };
		CFF88AA9297CB93D009384CE /* Info.plist */ = {isa = PBXFileReference; lastKnownFileType = text.plist; path = Info.plist; sourceTree = "<group>"; };
		CFF88AAB297D4390009384CE /* PortfolioContainer.xcdatamodel */ = {isa = PBXFileReference; lastKnownFileType = wrapper.xcdatamodel; path = PortfolioContainer.xcdatamodel; sourceTree = "<group>"; };
		CFF88AAD297D4450009384CE /* PortfolioDataService.swift */ = {isa = PBXFileReference; lastKnownFileType = sourcecode.swift; path = PortfolioDataService.swift; sourceTree = "<group>"; };
		CFF88AB2297DD041009384CE /* CoinDetailView.swift */ = {isa = PBXFileReference; lastKnownFileType = sourcecode.swift; path = CoinDetailView.swift; sourceTree = "<group>"; };
		CFF88AB4297DDCD1009384CE /* CoinDetailModel.swift */ = {isa = PBXFileReference; lastKnownFileType = sourcecode.swift; path = CoinDetailModel.swift; sourceTree = "<group>"; };
		F3130F1AB3A4A344BDA7705B /* Pods-CoinCrunch.debug.xcconfig */ = {isa = PBXFileReference; includeInIndex = 1; lastKnownFileType = text.xcconfig; name = "Pods-CoinCrunch.debug.xcconfig"; path = "Target Support Files/Pods-CoinCrunch/Pods-CoinCrunch.debug.xcconfig"; sourceTree = "<group>"; };
/* End PBXFileReference section */

/* Begin PBXFrameworksBuildPhase section */
		CFA68B822978A27400BA24D2 /* Frameworks */ = {
			isa = PBXFrameworksBuildPhase;
			buildActionMask = 2147483647;
			files = (
				CF48B820298C957A0054416B /* HidableTabView in Frameworks */,
				E26FFB025A8C159A7E37D1A2 /* Pods_CoinCrunch.framework in Frameworks */,
			);
			runOnlyForDeploymentPostprocessing = 0;
		};
/* End PBXFrameworksBuildPhase section */

/* Begin PBXGroup section */
		69D7340CED6B314E8E9AB558 /* Frameworks */ = {
			isa = PBXGroup;
			children = (
				ADFD62E7646F33274114A97F /* Pods_CoinCrunch.framework */,
			);
			name = Frameworks;
			sourceTree = "<group>";
		};
		CFA68B7C2978A27400BA24D2 = {
			isa = PBXGroup;
			children = (
				CF6100202A35C63000E2C95D /* MyConfig.xcconfig */,
				CFA68B872978A27400BA24D2 /* CoinCrunch */,
				CFA68B862978A27400BA24D2 /* Products */,
				F9ED5D84D69F3708BF6EBFB8 /* Pods */,
				69D7340CED6B314E8E9AB558 /* Frameworks */,
			);
			sourceTree = "<group>";
		};
		CFA68B862978A27400BA24D2 /* Products */ = {
			isa = PBXGroup;
			children = (
				CFA68B852978A27400BA24D2 /* CoinCrunch.app */,
			);
			name = Products;
			sourceTree = "<group>";
		};
		CFA68B872978A27400BA24D2 /* CoinCrunch */ = {
			isa = PBXGroup;
			children = (
				CFAA40232A83BA3200336217 /* Assets.xcassets */,
				CFF88AA9297CB93D009384CE /* Info.plist */,
				CF6100212A35D8FF00E2C95D /* EnvironmentAPI.swift */,
				CFA68B882978A27400BA24D2 /* CoinCrunchApp.swift */,
				CFF88A892979675C009384CE /* Utilities */,
				CFF88A6B2978A5CB009384CE /* Extensions */,
				CFF88A8629795165009384CE /* Services */,
				CFF88A7A2978BE46009384CE /* Models */,
				CFF88A6E2978ABD4009384CE /* Core */,
				CFA68B8A2978A27400BA24D2 /* ContentView.swift */,
				CFA68B8E2978A27600BA24D2 /* Preview Content */,
			);
			path = CoinCrunch;
			sourceTree = "<group>";
		};
		CFA68B8E2978A27600BA24D2 /* Preview Content */ = {
			isa = PBXGroup;
			children = (
				CFA68B8F2978A27600BA24D2 /* Preview Assets.xcassets */,
			);
			path = "Preview Content";
			sourceTree = "<group>";
		};
		CFF88A6B2978A5CB009384CE /* Extensions */ = {
			isa = PBXGroup;
			children = (
				CFF88A6C2978A5E5009384CE /* Color.swift */,
				CFF88A802978CBDB009384CE /* PreviewProvider.swift */,
				CFF88A822978D116009384CE /* Double.swift */,
				CFF88A97297C54FC009384CE /* UIApplication.swift */,
				CF1E3B58297E056300E25730 /* Date.swift */,
				CF1E3B5A297F42BC00E25730 /* String.swift */,
				CFF44F66298464080042270A /* ColorSchemeManager.swift */,
				CF455B71298C63B6001EBE39 /* EasyFullScreenCover.swift */,
			);
			path = Extensions;
			sourceTree = "<group>";
		};
		CFF88A6E2978ABD4009384CE /* Core */ = {
			isa = PBXGroup;
			children = (
				CFF88A742978AD1E009384CE /* Components */,
				CFF88A6F2978ABE9009384CE /* Home */,
				CFF88AAF297DCF9F009384CE /* Detail */,
			);
			path = Core;
			sourceTree = "<group>";
		};
		CFF88A6F2978ABE9009384CE /* Home */ = {
			isa = PBXGroup;
			children = (
				CFF88A712978AC09009384CE /* ViewModels */,
				CFF88A702978ABF6009384CE /* Views */,
			);
			path = Home;
			sourceTree = "<group>";
		};
		CFF88A702978ABF6009384CE /* Views */ = {
			isa = PBXGroup;
			children = (
				CF002D3D2A855F8B00F28E30 /* LaunchScreen.storyboard */,
				CFF88A722978AC20009384CE /* LivePricesView.swift */,
				CFF44F6A29847EF20042270A /* PortfolioView.swift */,
				CFE36BEF29899D0100591389 /* WatchListView.swift */,
				CFF44F68298477DE0042270A /* SettingsView.swift */,
				CFF88A9D297C64FA009384CE /* HomeStatsView.swift */,
				CFF88A7E2978CB62009384CE /* CoinRowView.swift */,
				CFF88AA3297C75A4009384CE /* EditPortfolioView.swift */,
				CF455B73298C71E0001EBE39 /* ApperanceModeSwitchView.swift */,
				CFEF5C8C2A30B43700D19B5B /* NewsView.swift */,
			);
			path = Views;
			sourceTree = "<group>";
		};
		CFF88A712978AC09009384CE /* ViewModels */ = {
			isa = PBXGroup;
			children = (
				CFF88A8429793FC4009384CE /* HomeViewModel.swift */,
			);
			path = ViewModels;
			sourceTree = "<group>";
		};
		CFF88A742978AD1E009384CE /* Components */ = {
			isa = PBXGroup;
			children = (
				CFF88A8C29797990009384CE /* CoinImage */,
				CFF88A752978AD35009384CE /* CircleButton */,
				CFF88A95297C4FBC009384CE /* SearchBarView.swift */,
				CFF88A9B297C6145009384CE /* StatisticView.swift */,
			);
			path = Components;
			sourceTree = "<group>";
		};
		CFF88A752978AD35009384CE /* CircleButton */ = {
			isa = PBXGroup;
			children = (
				CF0228D52A36235500C472B5 /* XMarkButton.swift */,
				CFF88A762978AD47009384CE /* CircleButtonView.swift */,
			);
			path = CircleButton;
			sourceTree = "<group>";
		};
		CFF88A7A2978BE46009384CE /* Models */ = {
			isa = PBXGroup;
			children = (
				CFF88A7B2978BE79009384CE /* CoinModel.swift */,
				CFCC7FD82A31C2D800042299 /* NewsModel.swift */,
				CFF88AB4297DDCD1009384CE /* CoinDetailModel.swift */,
				CFF88A99297C5FD2009384CE /* StatisticModel.swift */,
				CFF88A9F297C6953009384CE /* MarketDataModel.swift */,
				CFF88AAA297D4390009384CE /* PortfolioContainer.xcdatamodeld */,
				CFEC6058299C3EF500D29981 /* WatchListContainer.xcdatamodeld */,
			);
			path = Models;
			sourceTree = "<group>";
		};
		CFF88A8629795165009384CE /* Services */ = {
			isa = PBXGroup;
			children = (
				CFF88A87297951B2009384CE /* CoinDataService.swift */,
				CFCC7FD22A31A6D500042299 /* NewsDataService.swift */,
				CF1E3B54297DE4BC00E25730 /* CoinDetailDataService.swift */,
				CFF88A8F297C34DE009384CE /* CoinImageService.swift */,
				CFF88AA1297C6D0B009384CE /* MarketDataService.swift */,
				CFF88AAD297D4450009384CE /* PortfolioDataService.swift */,
				CF48B821298D3DEF0054416B /* WatchListDataService.swift */,
			);
			path = Services;
			sourceTree = "<group>";
		};
		CFF88A892979675C009384CE /* Utilities */ = {
			isa = PBXGroup;
			children = (
				CFF88A8A2979679A009384CE /* NetworkingManager.swift */,
				CFF88A93297C40F5009384CE /* LocalFileManager.swift */,
			);
			path = Utilities;
			sourceTree = "<group>";
		};
		CFF88A8C29797990009384CE /* CoinImage */ = {
			isa = PBXGroup;
			children = (
				CFF88A8D297979A8009384CE /* CoinImageView.swift */,
				CFF88A91297C36A6009384CE /* CoinImageViewModel.swift */,
				CFF88AA7297C9CF5009384CE /* CoinLogoView.swift */,
			);
			path = CoinImage;
			sourceTree = "<group>";
		};
		CFF88AAF297DCF9F009384CE /* Detail */ = {
			isa = PBXGroup;
			children = (
				CFF88AB0297DD01D009384CE /* ViewModels */,
				CFF88AB1297DD028009384CE /* Views */,
			);
			path = Detail;
			sourceTree = "<group>";
		};
		CFF88AB0297DD01D009384CE /* ViewModels */ = {
			isa = PBXGroup;
			children = (
				CF1E3B52297DE23800E25730 /* CoinDetailViewModel.swift */,
				CFB5E60A2A338C0C005BE84B /* NewsDetailViewModel.swift */,
			);
			path = ViewModels;
			sourceTree = "<group>";
		};
		CFF88AB1297DD028009384CE /* Views */ = {
			isa = PBXGroup;
			children = (
				CFF88AB2297DD041009384CE /* CoinDetailView.swift */,
				CF1E3B56297DFEAA00E25730 /* ChartView.swift */,
				CFB5E60C2A3394A9005BE84B /* NewsDetailView.swift */,
			);
			path = Views;
			sourceTree = "<group>";
		};
		F9ED5D84D69F3708BF6EBFB8 /* Pods */ = {
			isa = PBXGroup;
			children = (
				F3130F1AB3A4A344BDA7705B /* Pods-CoinCrunch.debug.xcconfig */,
				8E6C9D8CB40BE1989C5C760B /* Pods-CoinCrunch.release.xcconfig */,
			);
			path = Pods;
			sourceTree = "<group>";
		};
/* End PBXGroup section */

/* Begin PBXNativeTarget section */
		CFA68B842978A27400BA24D2 /* CoinCrunch */ = {
			isa = PBXNativeTarget;
			buildConfigurationList = CFA68B932978A27600BA24D2 /* Build configuration list for PBXNativeTarget "CoinCrunch" */;
			buildPhases = (
				065B141F8F11D124606A05B7 /* [CP] Check Pods Manifest.lock */,
				CFA68B812978A27400BA24D2 /* Sources */,
				CFA68B822978A27400BA24D2 /* Frameworks */,
				CFA68B832978A27400BA24D2 /* Resources */,
				BD98302387061FC7172AD58E /* [CP] Embed Pods Frameworks */,
			);
			buildRules = (
			);
			dependencies = (
			);
			name = CoinCrunch;
			packageProductDependencies = (
				CF48B81F298C957A0054416B /* HidableTabView */,
			);
			productName = CoinCrunch;
			productReference = CFA68B852978A27400BA24D2 /* CoinCrunch.app */;
			productType = "com.apple.product-type.application";
		};
/* End PBXNativeTarget section */

/* Begin PBXProject section */
		CFA68B7D2978A27400BA24D2 /* Project object */ = {
			isa = PBXProject;
			attributes = {
				BuildIndependentTargetsInParallel = NO;
				LastSwiftUpdateCheck = 1420;
				LastUpgradeCheck = 1420;
				TargetAttributes = {
					CFA68B842978A27400BA24D2 = {
						CreatedOnToolsVersion = 14.2;
					};
				};
			};
			buildConfigurationList = CFA68B802978A27400BA24D2 /* Build configuration list for PBXProject "CoinCrunch" */;
			compatibilityVersion = "Xcode 14.0";
			developmentRegion = en;
			hasScannedForEncodings = 0;
			knownRegions = (
				en,
				Base,
			);
			mainGroup = CFA68B7C2978A27400BA24D2;
			packageReferences = (
				CF48B81E298C957A0054416B /* XCRemoteSwiftPackageReference "HidableTabView-SwiftUI" */,
			);
			productRefGroup = CFA68B862978A27400BA24D2 /* Products */;
			projectDirPath = "";
			projectRoot = "";
			targets = (
				CFA68B842978A27400BA24D2 /* CoinCrunch */,
			);
		};
/* End PBXProject section */

/* Begin PBXResourcesBuildPhase section */
		CFA68B832978A27400BA24D2 /* Resources */ = {
			isa = PBXResourcesBuildPhase;
			buildActionMask = 2147483647;
			files = (
				CF002D3E2A855F8B00F28E30 /* LaunchScreen.storyboard in Resources */,
				CFAA40242A83BA3200336217 /* Assets.xcassets in Resources */,
				CFA68B902978A27600BA24D2 /* Preview Assets.xcassets in Resources */,
			);
			runOnlyForDeploymentPostprocessing = 0;
		};
/* End PBXResourcesBuildPhase section */

/* Begin PBXShellScriptBuildPhase section */
		065B141F8F11D124606A05B7 /* [CP] Check Pods Manifest.lock */ = {
			isa = PBXShellScriptBuildPhase;
			buildActionMask = 2147483647;
			files = (
			);
			inputFileListPaths = (
			);
			inputPaths = (
				"${PODS_PODFILE_DIR_PATH}/Podfile.lock",
				"${PODS_ROOT}/Manifest.lock",
			);
			name = "[CP] Check Pods Manifest.lock";
			outputFileListPaths = (
			);
			outputPaths = (
				"$(DERIVED_FILE_DIR)/Pods-CoinCrunch-checkManifestLockResult.txt",
			);
			runOnlyForDeploymentPostprocessing = 0;
			shellPath = /bin/sh;
			shellScript = "diff \"${PODS_PODFILE_DIR_PATH}/Podfile.lock\" \"${PODS_ROOT}/Manifest.lock\" > /dev/null\nif [ $? != 0 ] ; then\n    # print error to STDERR\n    echo \"error: The sandbox is not in sync with the Podfile.lock. Run 'pod install' or update your CocoaPods installation.\" >&2\n    exit 1\nfi\n# This output is used by Xcode 'outputs' to avoid re-running this script phase.\necho \"SUCCESS\" > \"${SCRIPT_OUTPUT_FILE_0}\"\n";
			showEnvVarsInLog = 0;
		};
		BD98302387061FC7172AD58E /* [CP] Embed Pods Frameworks */ = {
			isa = PBXShellScriptBuildPhase;
			buildActionMask = 2147483647;
			files = (
			);
			inputFileListPaths = (
				"${PODS_ROOT}/Target Support Files/Pods-CoinCrunch/Pods-CoinCrunch-frameworks-${CONFIGURATION}-input-files.xcfilelist",
			);
			name = "[CP] Embed Pods Frameworks";
			outputFileListPaths = (
				"${PODS_ROOT}/Target Support Files/Pods-CoinCrunch/Pods-CoinCrunch-frameworks-${CONFIGURATION}-output-files.xcfilelist",
			);
			runOnlyForDeploymentPostprocessing = 0;
			shellPath = /bin/sh;
			shellScript = "\"${PODS_ROOT}/Target Support Files/Pods-CoinCrunch/Pods-CoinCrunch-frameworks.sh\"\n";
			showEnvVarsInLog = 0;
		};
/* End PBXShellScriptBuildPhase section */

/* Begin PBXSourcesBuildPhase section */
		CFA68B812978A27400BA24D2 /* Sources */ = {
			isa = PBXSourcesBuildPhase;
			buildActionMask = 2147483647;
			files = (
				CFB5E60B2A338C0C005BE84B /* NewsDetailViewModel.swift in Sources */,
				CFCC7FD92A31C2D800042299 /* NewsModel.swift in Sources */,
				CFF88AAC297D4390009384CE /* PortfolioContainer.xcdatamodeld in Sources */,
				CFF44F69298477DE0042270A /* SettingsView.swift in Sources */,
				CF455B72298C63B6001EBE39 /* EasyFullScreenCover.swift in Sources */,
				CFF88A9A297C5FD2009384CE /* StatisticModel.swift in Sources */,
				CFE36BF029899D0100591389 /* WatchListView.swift in Sources */,
				CFF88A88297951B2009384CE /* CoinDataService.swift in Sources */,
				CFF88A7F2978CB62009384CE /* CoinRowView.swift in Sources */,
				CFF88A8529793FC4009384CE /* HomeViewModel.swift in Sources */,
				CFA68B8B2978A27400BA24D2 /* ContentView.swift in Sources */,
				CFF88A94297C40F5009384CE /* LocalFileManager.swift in Sources */,
				CFF88AB5297DDCD1009384CE /* CoinDetailModel.swift in Sources */,
				CFF88AA0297C6953009384CE /* MarketDataModel.swift in Sources */,
				CFF88A732978AC20009384CE /* LivePricesView.swift in Sources */,
				CFF88A9C297C6145009384CE /* StatisticView.swift in Sources */,
				CF455B74298C71E0001EBE39 /* ApperanceModeSwitchView.swift in Sources */,
				CF0228D62A36235500C472B5 /* XMarkButton.swift in Sources */,
				CFF88A8E297979A8009384CE /* CoinImageView.swift in Sources */,
				CFA68B892978A27400BA24D2 /* CoinCrunchApp.swift in Sources */,
				CFF88AB3297DD041009384CE /* CoinDetailView.swift in Sources */,
				CF48B822298D3DEF0054416B /* WatchListDataService.swift in Sources */,
				CF1E3B53297DE23800E25730 /* CoinDetailViewModel.swift in Sources */,
				CF1E3B59297E056300E25730 /* Date.swift in Sources */,
				CFF88A98297C54FC009384CE /* UIApplication.swift in Sources */,
				CFF88A772978AD47009384CE /* CircleButtonView.swift in Sources */,
				CFF88A6D2978A5E5009384CE /* Color.swift in Sources */,
				CFF88A96297C4FBC009384CE /* SearchBarView.swift in Sources */,
				CFF88A8B2979679A009384CE /* NetworkingManager.swift in Sources */,
				CFEC605A299C3EF500D29981 /* WatchListContainer.xcdatamodeld in Sources */,
				CFF88AA8297C9CF5009384CE /* CoinLogoView.swift in Sources */,
				CF6100222A35D8FF00E2C95D /* EnvironmentAPI.swift in Sources */,
				CFF88A9E297C64FA009384CE /* HomeStatsView.swift in Sources */,
				CFF88AA2297C6D0B009384CE /* MarketDataService.swift in Sources */,
				CFF88A92297C36A6009384CE /* CoinImageViewModel.swift in Sources */,
				CFF44F67298464080042270A /* ColorSchemeManager.swift in Sources */,
				CFCC7FD32A31A6D500042299 /* NewsDataService.swift in Sources */,
				CFF88A812978CBDB009384CE /* PreviewProvider.swift in Sources */,
				CFEF5C8D2A30B43700D19B5B /* NewsView.swift in Sources */,
				CFF44F6B29847EF20042270A /* PortfolioView.swift in Sources */,
				CF1E3B57297DFEAA00E25730 /* ChartView.swift in Sources */,
				CFF88AA4297C75A4009384CE /* EditPortfolioView.swift in Sources */,
				CF1E3B5B297F42BC00E25730 /* String.swift in Sources */,
				CFF88A832978D116009384CE /* Double.swift in Sources */,
				CF1E3B55297DE4BC00E25730 /* CoinDetailDataService.swift in Sources */,
				CFB5E60D2A3394A9005BE84B /* NewsDetailView.swift in Sources */,
				CFF88A90297C34DE009384CE /* CoinImageService.swift in Sources */,
				CFF88A7C2978BE79009384CE /* CoinModel.swift in Sources */,
				CFF88AAE297D4450009384CE /* PortfolioDataService.swift in Sources */,
			);
			runOnlyForDeploymentPostprocessing = 0;
		};
/* End PBXSourcesBuildPhase section */

/* Begin XCBuildConfiguration section */
		CFA68B912978A27600BA24D2 /* Debug */ = {
			isa = XCBuildConfiguration;
			baseConfigurationReference = CF6100202A35C63000E2C95D /* MyConfig.xcconfig */;
			buildSettings = {
				ALWAYS_SEARCH_USER_PATHS = NO;
				CLANG_ANALYZER_NONNULL = YES;
				CLANG_ANALYZER_NUMBER_OBJECT_CONVERSION = YES_AGGRESSIVE;
				CLANG_CXX_LANGUAGE_STANDARD = "gnu++20";
				CLANG_ENABLE_MODULES = YES;
				CLANG_ENABLE_OBJC_ARC = YES;
				CLANG_ENABLE_OBJC_WEAK = YES;
				CLANG_WARN_BLOCK_CAPTURE_AUTORELEASING = YES;
				CLANG_WARN_BOOL_CONVERSION = YES;
				CLANG_WARN_COMMA = YES;
				CLANG_WARN_CONSTANT_CONVERSION = YES;
				CLANG_WARN_DEPRECATED_OBJC_IMPLEMENTATIONS = YES;
				CLANG_WARN_DIRECT_OBJC_ISA_USAGE = YES_ERROR;
				CLANG_WARN_DOCUMENTATION_COMMENTS = YES;
				CLANG_WARN_EMPTY_BODY = YES;
				CLANG_WARN_ENUM_CONVERSION = YES;
				CLANG_WARN_INFINITE_RECURSION = YES;
				CLANG_WARN_INT_CONVERSION = YES;
				CLANG_WARN_NON_LITERAL_NULL_CONVERSION = YES;
				CLANG_WARN_OBJC_IMPLICIT_RETAIN_SELF = YES;
				CLANG_WARN_OBJC_LITERAL_CONVERSION = YES;
				CLANG_WARN_OBJC_ROOT_CLASS = YES_ERROR;
				CLANG_WARN_QUOTED_INCLUDE_IN_FRAMEWORK_HEADER = YES;
				CLANG_WARN_RANGE_LOOP_ANALYSIS = YES;
				CLANG_WARN_STRICT_PROTOTYPES = YES;
				CLANG_WARN_SUSPICIOUS_MOVE = YES;
				CLANG_WARN_UNGUARDED_AVAILABILITY = YES_AGGRESSIVE;
				CLANG_WARN_UNREACHABLE_CODE = YES;
				CLANG_WARN__DUPLICATE_METHOD_MATCH = YES;
				COPY_PHASE_STRIP = NO;
				DEBUG_INFORMATION_FORMAT = dwarf;
				ENABLE_STRICT_OBJC_MSGSEND = YES;
				ENABLE_TESTABILITY = YES;
				GCC_C_LANGUAGE_STANDARD = gnu11;
				GCC_DYNAMIC_NO_PIC = NO;
				GCC_NO_COMMON_BLOCKS = YES;
				GCC_OPTIMIZATION_LEVEL = 0;
				GCC_PREPROCESSOR_DEFINITIONS = (
					"DEBUG=1",
					"$(inherited)",
				);
				GCC_WARN_64_TO_32_BIT_CONVERSION = YES;
				GCC_WARN_ABOUT_RETURN_TYPE = YES_ERROR;
				GCC_WARN_UNDECLARED_SELECTOR = YES;
				GCC_WARN_UNINITIALIZED_AUTOS = YES_AGGRESSIVE;
				GCC_WARN_UNUSED_FUNCTION = YES;
				GCC_WARN_UNUSED_VARIABLE = YES;
				IPHONEOS_DEPLOYMENT_TARGET = 15.0;
				MTL_ENABLE_DEBUG_INFO = INCLUDE_SOURCE;
				MTL_FAST_MATH = YES;
				ONLY_ACTIVE_ARCH = YES;
				SDKROOT = iphoneos;
				SWIFT_ACTIVE_COMPILATION_CONDITIONS = DEBUG;
				SWIFT_OPTIMIZATION_LEVEL = "-Onone";
			};
			name = Debug;
		};
		CFA68B922978A27600BA24D2 /* Release */ = {
			isa = XCBuildConfiguration;
			baseConfigurationReference = CF6100202A35C63000E2C95D /* MyConfig.xcconfig */;
			buildSettings = {
				ALWAYS_SEARCH_USER_PATHS = NO;
				CLANG_ANALYZER_NONNULL = YES;
				CLANG_ANALYZER_NUMBER_OBJECT_CONVERSION = YES_AGGRESSIVE;
				CLANG_CXX_LANGUAGE_STANDARD = "gnu++20";
				CLANG_ENABLE_MODULES = YES;
				CLANG_ENABLE_OBJC_ARC = YES;
				CLANG_ENABLE_OBJC_WEAK = YES;
				CLANG_WARN_BLOCK_CAPTURE_AUTORELEASING = YES;
				CLANG_WARN_BOOL_CONVERSION = YES;
				CLANG_WARN_COMMA = YES;
				CLANG_WARN_CONSTANT_CONVERSION = YES;
				CLANG_WARN_DEPRECATED_OBJC_IMPLEMENTATIONS = YES;
				CLANG_WARN_DIRECT_OBJC_ISA_USAGE = YES_ERROR;
				CLANG_WARN_DOCUMENTATION_COMMENTS = YES;
				CLANG_WARN_EMPTY_BODY = YES;
				CLANG_WARN_ENUM_CONVERSION = YES;
				CLANG_WARN_INFINITE_RECURSION = YES;
				CLANG_WARN_INT_CONVERSION = YES;
				CLANG_WARN_NON_LITERAL_NULL_CONVERSION = YES;
				CLANG_WARN_OBJC_IMPLICIT_RETAIN_SELF = YES;
				CLANG_WARN_OBJC_LITERAL_CONVERSION = YES;
				CLANG_WARN_OBJC_ROOT_CLASS = YES_ERROR;
				CLANG_WARN_QUOTED_INCLUDE_IN_FRAMEWORK_HEADER = YES;
				CLANG_WARN_RANGE_LOOP_ANALYSIS = YES;
				CLANG_WARN_STRICT_PROTOTYPES = YES;
				CLANG_WARN_SUSPICIOUS_MOVE = YES;
				CLANG_WARN_UNGUARDED_AVAILABILITY = YES_AGGRESSIVE;
				CLANG_WARN_UNREACHABLE_CODE = YES;
				CLANG_WARN__DUPLICATE_METHOD_MATCH = YES;
				COPY_PHASE_STRIP = NO;
				DEBUG_INFORMATION_FORMAT = "dwarf-with-dsym";
				ENABLE_NS_ASSERTIONS = NO;
				ENABLE_STRICT_OBJC_MSGSEND = YES;
				GCC_C_LANGUAGE_STANDARD = gnu11;
				GCC_NO_COMMON_BLOCKS = YES;
				GCC_WARN_64_TO_32_BIT_CONVERSION = YES;
				GCC_WARN_ABOUT_RETURN_TYPE = YES_ERROR;
				GCC_WARN_UNDECLARED_SELECTOR = YES;
				GCC_WARN_UNINITIALIZED_AUTOS = YES_AGGRESSIVE;
				GCC_WARN_UNUSED_FUNCTION = YES;
				GCC_WARN_UNUSED_VARIABLE = YES;
				IPHONEOS_DEPLOYMENT_TARGET = 15.0;
				MTL_ENABLE_DEBUG_INFO = NO;
				MTL_FAST_MATH = YES;
				SDKROOT = iphoneos;
				SWIFT_COMPILATION_MODE = wholemodule;
				SWIFT_OPTIMIZATION_LEVEL = "-O";
				VALIDATE_PRODUCT = YES;
			};
			name = Release;
		};
		CFA68B942978A27600BA24D2 /* Debug */ = {
			isa = XCBuildConfiguration;
			baseConfigurationReference = F3130F1AB3A4A344BDA7705B /* Pods-CoinCrunch.debug.xcconfig */;
			buildSettings = {
				ASSETCATALOG_COMPILER_APPICON_NAME = AppIcon;
				ASSETCATALOG_COMPILER_GLOBAL_ACCENT_COLOR_NAME = AccentColor;
				ASSETCATALOG_COMPILER_INCLUDE_ALL_APPICON_ASSETS = NO;
				CODE_SIGN_STYLE = Automatic;
				CURRENT_PROJECT_VERSION = 1;
				DEVELOPMENT_ASSET_PATHS = "\"CoinCrunch/Preview Content\"";
				DEVELOPMENT_TEAM = NKA7PWRC7T;
				ENABLE_PREVIEWS = YES;
				GENERATE_INFOPLIST_FILE = YES;
				INFOPLIST_FILE = CoinCrunch/Info.plist;
				INFOPLIST_KEY_CFBundleDisplayName = CoinCrunch;
				INFOPLIST_KEY_UIApplicationSceneManifest_Generation = YES;
				INFOPLIST_KEY_UIApplicationSupportsIndirectInputEvents = YES;
				INFOPLIST_KEY_UILaunchScreen_Generation = YES;
				INFOPLIST_KEY_UILaunchStoryboardName = LaunchScreen.storyboard;
				INFOPLIST_KEY_UIRequiresFullScreen = YES;
				INFOPLIST_KEY_UISupportedInterfaceOrientations = UIInterfaceOrientationPortrait;
				IPHONEOS_DEPLOYMENT_TARGET = 16.0;
				LD_RUNPATH_SEARCH_PATHS = (
					"$(inherited)",
					"@executable_path/Frameworks",
				);
				MARKETING_VERSION = 1.0;
				PRODUCT_BUNDLE_IDENTIFIER = com.cevatuygur.CoinCrunch;
				PRODUCT_NAME = "$(TARGET_NAME)";
				SUPPORTED_PLATFORMS = "iphoneos iphonesimulator";
				SUPPORTS_MACCATALYST = NO;
				SUPPORTS_MAC_DESIGNED_FOR_IPHONE_IPAD = NO;
				SWIFT_EMIT_LOC_STRINGS = YES;
				SWIFT_VERSION = 5.0;
				TARGETED_DEVICE_FAMILY = 1;
			};
			name = Debug;
		};
		CFA68B952978A27600BA24D2 /* Release */ = {
			isa = XCBuildConfiguration;
			baseConfigurationReference = 8E6C9D8CB40BE1989C5C760B /* Pods-CoinCrunch.release.xcconfig */;
			buildSettings = {
				ASSETCATALOG_COMPILER_APPICON_NAME = AppIcon;
				ASSETCATALOG_COMPILER_GLOBAL_ACCENT_COLOR_NAME = AccentColor;
				ASSETCATALOG_COMPILER_INCLUDE_ALL_APPICON_ASSETS = NO;
				CODE_SIGN_STYLE = Automatic;
				CURRENT_PROJECT_VERSION = 1;
				DEVELOPMENT_ASSET_PATHS = "\"CoinCrunch/Preview Content\"";
				DEVELOPMENT_TEAM = NKA7PWRC7T;
				ENABLE_PREVIEWS = YES;
				GENERATE_INFOPLIST_FILE = YES;
				INFOPLIST_FILE = CoinCrunch/Info.plist;
				INFOPLIST_KEY_CFBundleDisplayName = CoinCrunch;
				INFOPLIST_KEY_UIApplicationSceneManifest_Generation = YES;
				INFOPLIST_KEY_UIApplicationSupportsIndirectInputEvents = YES;
				INFOPLIST_KEY_UILaunchScreen_Generation = YES;
				INFOPLIST_KEY_UILaunchStoryboardName = LaunchScreen.storyboard;
				INFOPLIST_KEY_UIRequiresFullScreen = YES;
				INFOPLIST_KEY_UISupportedInterfaceOrientations = UIInterfaceOrientationPortrait;
				IPHONEOS_DEPLOYMENT_TARGET = 16.0;
				LD_RUNPATH_SEARCH_PATHS = (
					"$(inherited)",
					"@executable_path/Frameworks",
				);
				MARKETING_VERSION = 1.0;
				PRODUCT_BUNDLE_IDENTIFIER = com.cevatuygur.CoinCrunch;
				PRODUCT_NAME = "$(TARGET_NAME)";
				SUPPORTED_PLATFORMS = "iphoneos iphonesimulator";
				SUPPORTS_MACCATALYST = NO;
				SUPPORTS_MAC_DESIGNED_FOR_IPHONE_IPAD = NO;
				SWIFT_EMIT_LOC_STRINGS = YES;
				SWIFT_VERSION = 5.0;
				TARGETED_DEVICE_FAMILY = 1;
			};
			name = Release;
		};
/* End XCBuildConfiguration section */

/* Begin XCConfigurationList section */
		CFA68B802978A27400BA24D2 /* Build configuration list for PBXProject "CoinCrunch" */ = {
			isa = XCConfigurationList;
			buildConfigurations = (
				CFA68B912978A27600BA24D2 /* Debug */,
				CFA68B922978A27600BA24D2 /* Release */,
			);
			defaultConfigurationIsVisible = 0;
			defaultConfigurationName = Release;
		};
		CFA68B932978A27600BA24D2 /* Build configuration list for PBXNativeTarget "CoinCrunch" */ = {
			isa = XCConfigurationList;
			buildConfigurations = (
				CFA68B942978A27600BA24D2 /* Debug */,
				CFA68B952978A27600BA24D2 /* Release */,
			);
			defaultConfigurationIsVisible = 0;
			defaultConfigurationName = Release;
		};
/* End XCConfigurationList section */

/* Begin XCRemoteSwiftPackageReference section */
		CF48B81E298C957A0054416B /* XCRemoteSwiftPackageReference "HidableTabView-SwiftUI" */ = {
			isa = XCRemoteSwiftPackageReference;
			repositoryURL = "https://github.com/AliMert/HidableTabView-SwiftUI.git";
			requirement = {
				kind = upToNextMajorVersion;
				minimumVersion = 1.0.0;
			};
		};
/* End XCRemoteSwiftPackageReference section */

/* Begin XCSwiftPackageProductDependency section */
		CF48B81F298C957A0054416B /* HidableTabView */ = {
			isa = XCSwiftPackageProductDependency;
			package = CF48B81E298C957A0054416B /* XCRemoteSwiftPackageReference "HidableTabView-SwiftUI" */;
			productName = HidableTabView;
		};
/* End XCSwiftPackageProductDependency section */

/* Begin XCVersionGroup section */
		CFEC6058299C3EF500D29981 /* WatchListContainer.xcdatamodeld */ = {
			isa = XCVersionGroup;
			children = (
				CFEC6059299C3EF500D29981 /* WatchListContainer.xcdatamodel */,
			);
			currentVersion = CFEC6059299C3EF500D29981 /* WatchListContainer.xcdatamodel */;
			path = WatchListContainer.xcdatamodeld;
			sourceTree = "<group>";
			versionGroupType = wrapper.xcdatamodel;
		};
		CFF88AAA297D4390009384CE /* PortfolioContainer.xcdatamodeld */ = {
			isa = XCVersionGroup;
			children = (
				CFF88AAB297D4390009384CE /* PortfolioContainer.xcdatamodel */,
			);
			currentVersion = CFF88AAB297D4390009384CE /* PortfolioContainer.xcdatamodel */;
			path = PortfolioContainer.xcdatamodeld;
			sourceTree = "<group>";
			versionGroupType = wrapper.xcdatamodel;
		};
/* End XCVersionGroup section */
	};
	rootObject = CFA68B7D2978A27400BA24D2 /* Project object */;
}
